
Microsoft Visual Studio Solution File, Format Version 12.00
# Visual Studio Version 17
VisualStudioVersion = 17.2.32630.192
MinimumVisualStudioVersion = 10.0.40219.1
Project("{9A19103F-16F7-4668-BE54-9A1E7A4F7556}") = "BanDienThoai", "BanDienThoai.csproj", "{6CB1E8DD-34AA-4A93-AE47-BC3B88C47E01}"
EndProject
Global
	GlobalSection(SolutionConfigurationPlatforms) = preSolution
		Debug|Any CPU = Debug|Any CPU
		Release|Any CPU = Release|Any CPU
	EndGlobalSection
	GlobalSection(ProjectConfigurationPlatforms) = postSolution
		{6CB1E8DD-34AA-4A93-AE47-BC3B88C47E01}.Debug|Any CPU.ActiveCfg = Debug|Any CPU
		{6CB1E8DD-34AA-4A93-AE47-BC3B88C47E01}.Debug|Any CPU.Build.0 = Debug|Any CPU
		{6CB1E8DD-34AA-4A93-AE47-BC3B88C47E01}.Release|Any CPU.ActiveCfg = Release|Any CPU
		{6CB1E8DD-34AA-4A93-AE47-BC3B88C47E01}.Release|Any CPU.Build.0 = Release|Any CPU
	EndGlobalSection
	GlobalSection(SolutionProperties) = preSolution
		HideSolutionNode = FALSE
	EndGlobalSection
	GlobalSection(ExtensibilityGlobals) = postSolution
		SolutionGuid = {3FAE337A-665A-41DE-8670-265354E3E068}
	EndGlobalSection
EndGlobal
